// !$*UTF8*$!
{
	archiveVersion = 1;
	classes = {
	};
	objectVersion = 55;
	objects = {

/* Begin PBXBuildFile section */
		03346D6926B08EA2004A268E /* Ka-Block! Extension.appex in Embed Foundation Extensions */ = {isa = PBXBuildFile; fileRef = 03346D6826B08EA2004A268E /* Ka-Block! Extension.appex */; settings = {ATTRIBUTES = (RemoveHeadersOnCopy, ); }; };
		03346D7326B08EA2004A268E /* Ka-Block! Extension.appex in Embed Foundation Extensions */ = {isa = PBXBuildFile; fileRef = 03346D7226B08EA2004A268E /* Ka-Block! Extension.appex */; settings = {ATTRIBUTES = (RemoveHeadersOnCopy, ); }; };
		03346D8226B08EA2004A268E /* Assets.xcassets in Resources */ = {isa = PBXBuildFile; fileRef = 03346D3A26B08EA2004A268E /* Assets.xcassets */; };
		03346D8326B08EA2004A268E /* Assets.xcassets in Resources */ = {isa = PBXBuildFile; fileRef = 03346D3A26B08EA2004A268E /* Assets.xcassets */; };
		036A5C6E26C44E1500A76915 /* HomeScreen.swift in Sources */ = {isa = PBXBuildFile; fileRef = 036A5C6D26C44E1500A76915 /* HomeScreen.swift */; };
		036A5C6F26C44E1500A76915 /* HomeScreen.swift in Sources */ = {isa = PBXBuildFile; fileRef = 036A5C6D26C44E1500A76915 /* HomeScreen.swift */; };
		036C97812738520300170DF1 /* Localizable.strings in Resources */ = {isa = PBXBuildFile; fileRef = 036C9780273851FF00170DF1 /* Localizable.strings */; };
		036C97832738522600170DF1 /* Localizable.strings in Resources */ = {isa = PBXBuildFile; fileRef = 036C977F273851FD00170DF1 /* Localizable.strings */; };
		037870CA26EA98FD00075102 /* KaBlockApp.swift in Sources */ = {isa = PBXBuildFile; fileRef = 037870C826EA98DD00075102 /* KaBlockApp.swift */; };
		0381081326CC50D9008A912C /* ContentBlockerState.swift in Sources */ = {isa = PBXBuildFile; fileRef = 0381081226CC50D9008A912C /* ContentBlockerState.swift */; };
		0381081426CC50D9008A912C /* ContentBlockerState.swift in Sources */ = {isa = PBXBuildFile; fileRef = 0381081226CC50D9008A912C /* ContentBlockerState.swift */; };
		0397975D26BC86460014BF79 /* Logo.swift in Sources */ = {isa = PBXBuildFile; fileRef = 0397975C26BC86460014BF79 /* Logo.swift */; };
		0397975E26BC86460014BF79 /* Logo.swift in Sources */ = {isa = PBXBuildFile; fileRef = 0397975C26BC86460014BF79 /* Logo.swift */; };
		03AB920026BB211E00C6DFFD /* ContentBlockerRequestHandler.swift in Sources */ = {isa = PBXBuildFile; fileRef = 03AB91F726BB20CE00C6DFFD /* ContentBlockerRequestHandler.swift */; };
		03AB920126BB211E00C6DFFD /* ContentBlockerRequestHandler.swift in Sources */ = {isa = PBXBuildFile; fileRef = 03AB91F726BB20CE00C6DFFD /* ContentBlockerRequestHandler.swift */; };
		03AB920226BB231200C6DFFD /* blockerList.json in Resources */ = {isa = PBXBuildFile; fileRef = 03AB91F526BB20CE00C6DFFD /* blockerList.json */; };
		03AB920326BB231500C6DFFD /* blockerList.json in Resources */ = {isa = PBXBuildFile; fileRef = 03AB91F526BB20CE00C6DFFD /* blockerList.json */; };
		03AB922726BB254800C6DFFD /* KaBlockApp.swift in Sources */ = {isa = PBXBuildFile; fileRef = 03AB922626BB254800C6DFFD /* KaBlockApp.swift */; platformFilter = ios; };
		03E41C022737270700F87ACB /* Cocoa.framework in Frameworks */ = {isa = PBXBuildFile; fileRef = 03AB91F226BB20CE00C6DFFD /* Cocoa.framework */; };
/* End PBXBuildFile section */

/* Begin PBXContainerItemProxy section */
		03346D6A26B08EA2004A268E /* PBXContainerItemProxy */ = {
			isa = PBXContainerItemProxy;
			containerPortal = 03346D2E26B08EA1004A268E /* Project object */;
			proxyType = 1;
			remoteGlobalIDString = 03346D6726B08EA2004A268E;
			remoteInfo = "Ka-Block Extension (iOS)";
		};
		03346D7426B08EA2004A268E /* PBXContainerItemProxy */ = {
			isa = PBXContainerItemProxy;
			containerPortal = 03346D2E26B08EA1004A268E /* Project object */;
			proxyType = 1;
			remoteGlobalIDString = 03346D7126B08EA2004A268E;
			remoteInfo = "Ka-Block Extension (macOS)";
		};
/* End PBXContainerItemProxy section */

/* Begin PBXCopyFilesBuildPhase section */
		03346D9B26B08EA2004A268E /* Embed Foundation Extensions */ = {
			isa = PBXCopyFilesBuildPhase;
			buildActionMask = 2147483647;
			dstPath = "";
			dstSubfolderSpec = 13;
			files = (
				03346D6926B08EA2004A268E /* Ka-Block! Extension.appex in Embed Foundation Extensions */,
			);
			name = "Embed Foundation Extensions";
			runOnlyForDeploymentPostprocessing = 0;
		};
		03346DA226B08EA2004A268E /* Embed Foundation Extensions */ = {
			isa = PBXCopyFilesBuildPhase;
			buildActionMask = 2147483647;
			dstPath = "";
			dstSubfolderSpec = 13;
			files = (
				03346D7326B08EA2004A268E /* Ka-Block! Extension.appex in Embed Foundation Extensions */,
			);
			name = "Embed Foundation Extensions";
			runOnlyForDeploymentPostprocessing = 0;
		};
/* End PBXCopyFilesBuildPhase section */

/* Begin PBXFileReference section */
		03346D3A26B08EA2004A268E /* Assets.xcassets */ = {isa = PBXFileReference; lastKnownFileType = folder.assetcatalog; path = Assets.xcassets; sourceTree = "<group>"; };
		03346D4A26B08EA2004A268E /* Ka-Block!.app */ = {isa = PBXFileReference; explicitFileType = wrapper.application; includeInIndex = 0; path = "Ka-Block!.app"; sourceTree = BUILT_PRODUCTS_DIR; };
		03346D5C26B08EA2004A268E /* Ka-Block!.app */ = {isa = PBXFileReference; explicitFileType = wrapper.application; includeInIndex = 0; path = "Ka-Block!.app"; sourceTree = BUILT_PRODUCTS_DIR; };
		03346D6826B08EA2004A268E /* Ka-Block! Extension.appex */ = {isa = PBXFileReference; explicitFileType = "wrapper.app-extension"; includeInIndex = 0; path = "Ka-Block! Extension.appex"; sourceTree = BUILT_PRODUCTS_DIR; };
		03346D7226B08EA2004A268E /* Ka-Block! Extension.appex */ = {isa = PBXFileReference; explicitFileType = "wrapper.app-extension"; includeInIndex = 0; path = "Ka-Block! Extension.appex"; sourceTree = BUILT_PRODUCTS_DIR; };
		036A5C6D26C44E1500A76915 /* HomeScreen.swift */ = {isa = PBXFileReference; lastKnownFileType = sourcecode.swift; path = HomeScreen.swift; sourceTree = "<group>"; };
		036C977F273851FD00170DF1 /* Localizable.strings */ = {isa = PBXFileReference; lastKnownFileType = text.plist.strings; path = Localizable.strings; sourceTree = "<group>"; };
		036C9780273851FF00170DF1 /* Localizable.strings */ = {isa = PBXFileReference; lastKnownFileType = text.plist.strings; path = Localizable.strings; sourceTree = "<group>"; };
		037870C826EA98DD00075102 /* KaBlockApp.swift */ = {isa = PBXFileReference; lastKnownFileType = sourcecode.swift; path = KaBlockApp.swift; sourceTree = "<group>"; };
		0381081226CC50D9008A912C /* ContentBlockerState.swift */ = {isa = PBXFileReference; lastKnownFileType = sourcecode.swift; path = ContentBlockerState.swift; sourceTree = "<group>"; };
		0381081526CC5794008A912C /* Info.plist */ = {isa = PBXFileReference; lastKnownFileType = text.plist.xml; path = Info.plist; sourceTree = "<group>"; };
		0397975C26BC86460014BF79 /* Logo.swift */ = {isa = PBXFileReference; lastKnownFileType = sourcecode.swift; path = Logo.swift; sourceTree = "<group>"; };
		03AB91F226BB20CE00C6DFFD /* Cocoa.framework */ = {isa = PBXFileReference; lastKnownFileType = wrapper.framework; name = Cocoa.framework; path = System/Library/Frameworks/Cocoa.framework; sourceTree = SDKROOT; };
		03AB91F526BB20CE00C6DFFD /* blockerList.json */ = {isa = PBXFileReference; lastKnownFileType = text.json; path = blockerList.json; sourceTree = "<group>"; };
		03AB91F726BB20CE00C6DFFD /* ContentBlockerRequestHandler.swift */ = {isa = PBXFileReference; lastKnownFileType = sourcecode.swift; path = ContentBlockerRequestHandler.swift; sourceTree = "<group>"; };
		03AB922626BB254800C6DFFD /* KaBlockApp.swift */ = {isa = PBXFileReference; lastKnownFileType = sourcecode.swift; path = KaBlockApp.swift; sourceTree = "<group>"; };
/* End PBXFileReference section */

/* Begin PBXFrameworksBuildPhase section */
		03346D4726B08EA2004A268E /* Frameworks */ = {
			isa = PBXFrameworksBuildPhase;
			buildActionMask = 2147483647;
			files = (
			);
			runOnlyForDeploymentPostprocessing = 0;
		};
		03346D5926B08EA2004A268E /* Frameworks */ = {
			isa = PBXFrameworksBuildPhase;
			buildActionMask = 2147483647;
			files = (
			);
			runOnlyForDeploymentPostprocessing = 0;
		};
		03346D6526B08EA2004A268E /* Frameworks */ = {
			isa = PBXFrameworksBuildPhase;
			buildActionMask = 2147483647;
			files = (
			);
			runOnlyForDeploymentPostprocessing = 0;
		};
		03346D6F26B08EA2004A268E /* Frameworks */ = {
			isa = PBXFrameworksBuildPhase;
			buildActionMask = 2147483647;
			files = (
				03E41C022737270700F87ACB /* Cocoa.framework in Frameworks */,
			);
			runOnlyForDeploymentPostprocessing = 0;
		};
/* End PBXFrameworksBuildPhase section */

/* Begin PBXGroup section */
		03346D2D26B08EA1004A268E = {
			isa = PBXGroup;
			children = (
				03346D3226B08EA1004A268E /* Shared (App) */,
				03346D3B26B08EA2004A268E /* Shared (Extension) */,
				037870CB26EA993100075102 /* iOS (App) */,
				037870C726EA98D400075102 /* macOS (App) */,
				03AB91F126BB20CE00C6DFFD /* Frameworks */,
				03346D4B26B08EA2004A268E /* Products */,
			);
			sourceTree = "<group>";
		};
		03346D3226B08EA1004A268E /* Shared (App) */ = {
			isa = PBXGroup;
			children = (
				03346D3A26B08EA2004A268E /* Assets.xcassets */,
				0381081226CC50D9008A912C /* ContentBlockerState.swift */,
				036A5C6D26C44E1500A76915 /* HomeScreen.swift */,
				0397975C26BC86460014BF79 /* Logo.swift */,
			);
			path = "Shared (App)";
			sourceTree = "<group>";
		};
		03346D3B26B08EA2004A268E /* Shared (Extension) */ = {
			isa = PBXGroup;
			children = (
				03AB91F726BB20CE00C6DFFD /* ContentBlockerRequestHandler.swift */,
				03AB91F526BB20CE00C6DFFD /* blockerList.json */,
				0381081526CC5794008A912C /* Info.plist */,
			);
			path = "Shared (Extension)";
			sourceTree = "<group>";
		};
		03346D4B26B08EA2004A268E /* Products */ = {
			isa = PBXGroup;
			children = (
				03346D4A26B08EA2004A268E /* Ka-Block!.app */,
				03346D5C26B08EA2004A268E /* Ka-Block!.app */,
				03346D6826B08EA2004A268E /* Ka-Block! Extension.appex */,
				03346D7226B08EA2004A268E /* Ka-Block! Extension.appex */,
			);
			name = Products;
			sourceTree = "<group>";
		};
		037870C726EA98D400075102 /* macOS (App) */ = {
			isa = PBXGroup;
			children = (
				037870C826EA98DD00075102 /* KaBlockApp.swift */,
				036C9780273851FF00170DF1 /* Localizable.strings */,
			);
			path = "macOS (App)";
			sourceTree = "<group>";
		};
		037870CB26EA993100075102 /* iOS (App) */ = {
			isa = PBXGroup;
			children = (
				03AB922626BB254800C6DFFD /* KaBlockApp.swift */,
				036C977F273851FD00170DF1 /* Localizable.strings */,
			);
			path = "iOS (App)";
			sourceTree = "<group>";
		};
		03AB91F126BB20CE00C6DFFD /* Frameworks */ = {
			isa = PBXGroup;
			children = (
				03AB91F226BB20CE00C6DFFD /* Cocoa.framework */,
			);
			name = Frameworks;
			sourceTree = "<group>";
		};
/* End PBXGroup section */

/* Begin PBXNativeTarget section */
		03346D4926B08EA2004A268E /* Ka-Block (iOS) */ = {
			isa = PBXNativeTarget;
			buildConfigurationList = 03346D9C26B08EA2004A268E /* Build configuration list for PBXNativeTarget "Ka-Block (iOS)" */;
			buildPhases = (
				03346D4626B08EA2004A268E /* Sources */,
				03346D4726B08EA2004A268E /* Frameworks */,
				03346D4826B08EA2004A268E /* Resources */,
				03346D9B26B08EA2004A268E /* Embed Foundation Extensions */,
			);
			buildRules = (
			);
			dependencies = (
				03346D6B26B08EA2004A268E /* PBXTargetDependency */,
			);
			name = "Ka-Block (iOS)";
			productName = "Ka-Block (iOS)";
			productReference = 03346D4A26B08EA2004A268E /* Ka-Block!.app */;
			productType = "com.apple.product-type.application";
		};
		03346D5B26B08EA2004A268E /* Ka-Block (macOS) */ = {
			isa = PBXNativeTarget;
			buildConfigurationList = 03346DA326B08EA2004A268E /* Build configuration list for PBXNativeTarget "Ka-Block (macOS)" */;
			buildPhases = (
				03346D5826B08EA2004A268E /* Sources */,
				03346D5926B08EA2004A268E /* Frameworks */,
				03346D5A26B08EA2004A268E /* Resources */,
				03346DA226B08EA2004A268E /* Embed Foundation Extensions */,
			);
			buildRules = (
			);
			dependencies = (
				03346D7526B08EA2004A268E /* PBXTargetDependency */,
			);
			name = "Ka-Block (macOS)";
			productName = "Ka-Block (macOS)";
			productReference = 03346D5C26B08EA2004A268E /* Ka-Block!.app */;
			productType = "com.apple.product-type.application";
		};
		03346D6726B08EA2004A268E /* Ka-Block Extension (iOS) */ = {
			isa = PBXNativeTarget;
			buildConfigurationList = 03346D9826B08EA2004A268E /* Build configuration list for PBXNativeTarget "Ka-Block Extension (iOS)" */;
			buildPhases = (
				03346D6426B08EA2004A268E /* Sources */,
				03346D6526B08EA2004A268E /* Frameworks */,
				03346D6626B08EA2004A268E /* Resources */,
			);
			buildRules = (
			);
			dependencies = (
			);
			name = "Ka-Block Extension (iOS)";
			productName = "Ka-Block Extension (iOS)";
			productReference = 03346D6826B08EA2004A268E /* Ka-Block! Extension.appex */;
			productType = "com.apple.product-type.app-extension";
		};
		03346D7126B08EA2004A268E /* Ka-Block Extension (macOS) */ = {
			isa = PBXNativeTarget;
			buildConfigurationList = 03346D9F26B08EA2004A268E /* Build configuration list for PBXNativeTarget "Ka-Block Extension (macOS)" */;
			buildPhases = (
				03346D6E26B08EA2004A268E /* Sources */,
				03346D6F26B08EA2004A268E /* Frameworks */,
				03346D7026B08EA2004A268E /* Resources */,
			);
			buildRules = (
			);
			dependencies = (
			);
			name = "Ka-Block Extension (macOS)";
			productName = "Ka-Block Extension (macOS)";
			productReference = 03346D7226B08EA2004A268E /* Ka-Block! Extension.appex */;
			productType = "com.apple.product-type.app-extension";
		};
/* End PBXNativeTarget section */

/* Begin PBXProject section */
		03346D2E26B08EA1004A268E /* Project object */ = {
			isa = PBXProject;
			attributes = {
				BuildIndependentTargetsInParallel = 1;
				LastSwiftUpdateCheck = 1300;
				LastUpgradeCheck = 1530;
				TargetAttributes = {
					03346D4926B08EA2004A268E = {
						CreatedOnToolsVersion = 13.0;
					};
					03346D5B26B08EA2004A268E = {
						CreatedOnToolsVersion = 13.0;
					};
					03346D6726B08EA2004A268E = {
						CreatedOnToolsVersion = 13.0;
					};
					03346D7126B08EA2004A268E = {
						CreatedOnToolsVersion = 13.0;
					};
				};
			};
			buildConfigurationList = 03346D3126B08EA1004A268E /* Build configuration list for PBXProject "Ka-Block" */;
			compatibilityVersion = "Xcode 13.0";
			developmentRegion = en;
			hasScannedForEncodings = 0;
			knownRegions = (
				en,
				Base,
			);
			mainGroup = 03346D2D26B08EA1004A268E;
			productRefGroup = 03346D4B26B08EA2004A268E /* Products */;
			projectDirPath = "";
			projectRoot = "";
			targets = (
				03346D4926B08EA2004A268E /* Ka-Block (iOS) */,
				03346D5B26B08EA2004A268E /* Ka-Block (macOS) */,
				03346D6726B08EA2004A268E /* Ka-Block Extension (iOS) */,
				03346D7126B08EA2004A268E /* Ka-Block Extension (macOS) */,
			);
		};
/* End PBXProject section */

/* Begin PBXResourcesBuildPhase section */
		03346D4826B08EA2004A268E /* Resources */ = {
			isa = PBXResourcesBuildPhase;
			buildActionMask = 2147483647;
			files = (
				03346D8226B08EA2004A268E /* Assets.xcassets in Resources */,
				036C97832738522600170DF1 /* Localizable.strings in Resources */,
			);
			runOnlyForDeploymentPostprocessing = 0;
		};
		03346D5A26B08EA2004A268E /* Resources */ = {
			isa = PBXResourcesBuildPhase;
			buildActionMask = 2147483647;
			files = (
				03346D8326B08EA2004A268E /* Assets.xcassets in Resources */,
				036C97812738520300170DF1 /* Localizable.strings in Resources */,
			);
			runOnlyForDeploymentPostprocessing = 0;
		};
		03346D6626B08EA2004A268E /* Resources */ = {
			isa = PBXResourcesBuildPhase;
			buildActionMask = 2147483647;
			files = (
				03AB920326BB231500C6DFFD /* blockerList.json in Resources */,
			);
			runOnlyForDeploymentPostprocessing = 0;
		};
		03346D7026B08EA2004A268E /* Resources */ = {
			isa = PBXResourcesBuildPhase;
			buildActionMask = 2147483647;
			files = (
				03AB920226BB231200C6DFFD /* blockerList.json in Resources */,
			);
			runOnlyForDeploymentPostprocessing = 0;
		};
/* End PBXResourcesBuildPhase section */

/* Begin PBXSourcesBuildPhase section */
		03346D4626B08EA2004A268E /* Sources */ = {
			isa = PBXSourcesBuildPhase;
			buildActionMask = 2147483647;
			files = (
				0381081326CC50D9008A912C /* ContentBlockerState.swift in Sources */,
				036A5C6E26C44E1500A76915 /* HomeScreen.swift in Sources */,
				0397975D26BC86460014BF79 /* Logo.swift in Sources */,
				03AB922726BB254800C6DFFD /* KaBlockApp.swift in Sources */,
			);
			runOnlyForDeploymentPostprocessing = 0;
		};
		03346D5826B08EA2004A268E /* Sources */ = {
			isa = PBXSourcesBuildPhase;
			buildActionMask = 2147483647;
			files = (
				0381081426CC50D9008A912C /* ContentBlockerState.swift in Sources */,
				036A5C6F26C44E1500A76915 /* HomeScreen.swift in Sources */,
				037870CA26EA98FD00075102 /* KaBlockApp.swift in Sources */,
				0397975E26BC86460014BF79 /* Logo.swift in Sources */,
			);
			runOnlyForDeploymentPostprocessing = 0;
		};
		03346D6426B08EA2004A268E /* Sources */ = {
			isa = PBXSourcesBuildPhase;
			buildActionMask = 2147483647;
			files = (
				03AB920126BB211E00C6DFFD /* ContentBlockerRequestHandler.swift in Sources */,
			);
			runOnlyForDeploymentPostprocessing = 0;
		};
		03346D6E26B08EA2004A268E /* Sources */ = {
			isa = PBXSourcesBuildPhase;
			buildActionMask = 2147483647;
			files = (
				03AB920026BB211E00C6DFFD /* ContentBlockerRequestHandler.swift in Sources */,
			);
			runOnlyForDeploymentPostprocessing = 0;
		};
/* End PBXSourcesBuildPhase section */

/* Begin PBXTargetDependency section */
		03346D6B26B08EA2004A268E /* PBXTargetDependency */ = {
			isa = PBXTargetDependency;
			target = 03346D6726B08EA2004A268E /* Ka-Block Extension (iOS) */;
			targetProxy = 03346D6A26B08EA2004A268E /* PBXContainerItemProxy */;
		};
		03346D7526B08EA2004A268E /* PBXTargetDependency */ = {
			isa = PBXTargetDependency;
			target = 03346D7126B08EA2004A268E /* Ka-Block Extension (macOS) */;
			targetProxy = 03346D7426B08EA2004A268E /* PBXContainerItemProxy */;
		};
/* End PBXTargetDependency section */

/* Begin XCBuildConfiguration section */
		03346D9626B08EA2004A268E /* Debug */ = {
			isa = XCBuildConfiguration;
			buildSettings = {
				ALWAYS_SEARCH_USER_PATHS = NO;
				CLANG_ANALYZER_NONNULL = YES;
				CLANG_ANALYZER_NUMBER_OBJECT_CONVERSION = YES_AGGRESSIVE;
				CLANG_CXX_LANGUAGE_STANDARD = "gnu++14";
				CLANG_CXX_LIBRARY = "libc++";
				CLANG_ENABLE_MODULES = YES;
				CLANG_ENABLE_OBJC_ARC = YES;
				CLANG_ENABLE_OBJC_WEAK = YES;
				CLANG_WARN_BLOCK_CAPTURE_AUTORELEASING = YES;
				CLANG_WARN_BOOL_CONVERSION = YES;
				CLANG_WARN_COMMA = YES;
				CLANG_WARN_CONSTANT_CONVERSION = YES;
				CLANG_WARN_DEPRECATED_OBJC_IMPLEMENTATIONS = YES;
				CLANG_WARN_DIRECT_OBJC_ISA_USAGE = YES_ERROR;
				CLANG_WARN_DOCUMENTATION_COMMENTS = YES;
				CLANG_WARN_EMPTY_BODY = YES;
				CLANG_WARN_ENUM_CONVERSION = YES;
				CLANG_WARN_INFINITE_RECURSION = YES;
				CLANG_WARN_INT_CONVERSION = YES;
				CLANG_WARN_NON_LITERAL_NULL_CONVERSION = YES;
				CLANG_WARN_OBJC_IMPLICIT_RETAIN_SELF = YES;
				CLANG_WARN_OBJC_LITERAL_CONVERSION = YES;
				CLANG_WARN_OBJC_ROOT_CLASS = YES_ERROR;
				CLANG_WARN_QUOTED_INCLUDE_IN_FRAMEWORK_HEADER = YES;
				CLANG_WARN_RANGE_LOOP_ANALYSIS = YES;
				CLANG_WARN_STRICT_PROTOTYPES = YES;
				CLANG_WARN_SUSPICIOUS_MOVE = YES;
				CLANG_WARN_UNGUARDED_AVAILABILITY = YES_AGGRESSIVE;
				CLANG_WARN_UNREACHABLE_CODE = YES;
				CLANG_WARN__DUPLICATE_METHOD_MATCH = YES;
				COPY_PHASE_STRIP = NO;
				CURRENT_PROJECT_VERSION = 8;
				DEAD_CODE_STRIPPING = YES;
				DEBUG_INFORMATION_FORMAT = dwarf;
				ENABLE_STRICT_OBJC_MSGSEND = YES;
				ENABLE_TESTABILITY = YES;
				ENABLE_USER_SCRIPT_SANDBOXING = YES;
				GCC_C_LANGUAGE_STANDARD = gnu11;
				GCC_DYNAMIC_NO_PIC = NO;
				GCC_NO_COMMON_BLOCKS = YES;
				GCC_OPTIMIZATION_LEVEL = 0;
				GCC_PREPROCESSOR_DEFINITIONS = (
					"DEBUG=1",
					"$(inherited)",
				);
				GCC_WARN_64_TO_32_BIT_CONVERSION = YES;
				GCC_WARN_ABOUT_RETURN_TYPE = YES_ERROR;
				GCC_WARN_UNDECLARED_SELECTOR = YES;
				GCC_WARN_UNINITIALIZED_AUTOS = YES_AGGRESSIVE;
				GCC_WARN_UNUSED_FUNCTION = YES;
				GCC_WARN_UNUSED_VARIABLE = YES;
				INFOPLIST_KEY_LSApplicationCategoryType = "public.app-category.utilities";
				MARKETING_VERSION = 4.0;
				MTL_ENABLE_DEBUG_INFO = INCLUDE_SOURCE;
				MTL_FAST_MATH = YES;
				ONLY_ACTIVE_ARCH = YES;
				SWIFT_ACTIVE_COMPILATION_CONDITIONS = DEBUG;
				SWIFT_OPTIMIZATION_LEVEL = "-Onone";
			};
			name = Debug;
		};
		03346D9726B08EA2004A268E /* Release */ = {
			isa = XCBuildConfiguration;
			buildSettings = {
				ALWAYS_SEARCH_USER_PATHS = NO;
				CLANG_ANALYZER_NONNULL = YES;
				CLANG_ANALYZER_NUMBER_OBJECT_CONVERSION = YES_AGGRESSIVE;
				CLANG_CXX_LANGUAGE_STANDARD = "gnu++14";
				CLANG_CXX_LIBRARY = "libc++";
				CLANG_ENABLE_MODULES = YES;
				CLANG_ENABLE_OBJC_ARC = YES;
				CLANG_ENABLE_OBJC_WEAK = YES;
				CLANG_WARN_BLOCK_CAPTURE_AUTORELEASING = YES;
				CLANG_WARN_BOOL_CONVERSION = YES;
				CLANG_WARN_COMMA = YES;
				CLANG_WARN_CONSTANT_CONVERSION = YES;
				CLANG_WARN_DEPRECATED_OBJC_IMPLEMENTATIONS = YES;
				CLANG_WARN_DIRECT_OBJC_ISA_USAGE = YES_ERROR;
				CLANG_WARN_DOCUMENTATION_COMMENTS = YES;
				CLANG_WARN_EMPTY_BODY = YES;
				CLANG_WARN_ENUM_CONVERSION = YES;
				CLANG_WARN_INFINITE_RECURSION = YES;
				CLANG_WARN_INT_CONVERSION = YES;
				CLANG_WARN_NON_LITERAL_NULL_CONVERSION = YES;
				CLANG_WARN_OBJC_IMPLICIT_RETAIN_SELF = YES;
				CLANG_WARN_OBJC_LITERAL_CONVERSION = YES;
				CLANG_WARN_OBJC_ROOT_CLASS = YES_ERROR;
				CLANG_WARN_QUOTED_INCLUDE_IN_FRAMEWORK_HEADER = YES;
				CLANG_WARN_RANGE_LOOP_ANALYSIS = YES;
				CLANG_WARN_STRICT_PROTOTYPES = YES;
				CLANG_WARN_SUSPICIOUS_MOVE = YES;
				CLANG_WARN_UNGUARDED_AVAILABILITY = YES_AGGRESSIVE;
				CLANG_WARN_UNREACHABLE_CODE = YES;
				CLANG_WARN__DUPLICATE_METHOD_MATCH = YES;
				COPY_PHASE_STRIP = NO;
				CURRENT_PROJECT_VERSION = 8;
				DEAD_CODE_STRIPPING = YES;
				DEBUG_INFORMATION_FORMAT = "dwarf-with-dsym";
				ENABLE_NS_ASSERTIONS = NO;
				ENABLE_STRICT_OBJC_MSGSEND = YES;
				ENABLE_USER_SCRIPT_SANDBOXING = YES;
				GCC_C_LANGUAGE_STANDARD = gnu11;
				GCC_NO_COMMON_BLOCKS = YES;
				GCC_WARN_64_TO_32_BIT_CONVERSION = YES;
				GCC_WARN_ABOUT_RETURN_TYPE = YES_ERROR;
				GCC_WARN_UNDECLARED_SELECTOR = YES;
				GCC_WARN_UNINITIALIZED_AUTOS = YES_AGGRESSIVE;
				GCC_WARN_UNUSED_FUNCTION = YES;
				GCC_WARN_UNUSED_VARIABLE = YES;
				INFOPLIST_KEY_LSApplicationCategoryType = "public.app-category.utilities";
				MARKETING_VERSION = 4.0;
				MTL_ENABLE_DEBUG_INFO = NO;
				MTL_FAST_MATH = YES;
				SWIFT_COMPILATION_MODE = wholemodule;
				SWIFT_OPTIMIZATION_LEVEL = "-O";
			};
			name = Release;
		};
		03346D9926B08EA2004A268E /* Debug */ = {
			isa = XCBuildConfiguration;
			buildSettings = {
				CODE_SIGN_STYLE = Automatic;
				DEVELOPMENT_TEAM = "";
				GENERATE_INFOPLIST_FILE = YES;
				INFOPLIST_FILE = "Shared (Extension)/Info.plist";
				INFOPLIST_KEY_CFBundleDisplayName = "Ka-Block!";
				INFOPLIST_KEY_CFBundleExecutable = "Ka-Block! Extension";
				INFOPLIST_KEY_CFBundleName = "Ka-Block! Extension";
				INFOPLIST_KEY_CFBundleVersion = 1;
				INFOPLIST_KEY_LSApplicationCategoryType = "public.app-category.utilities";
				INFOPLIST_KEY_NSHumanReadableCopyright = "";
				IPHONEOS_DEPLOYMENT_TARGET = 14.0;
				LD_RUNPATH_SEARCH_PATHS = (
					"$(inherited)",
					"@executable_path/Frameworks",
					"@executable_path/../../Frameworks",
				);
				PRODUCT_BUNDLE_IDENTIFIER = com.kablock.ios.KaBlockContentBlocker;
				PRODUCT_NAME = "Ka-Block! Extension";
				SDKROOT = iphoneos;
				SKIP_INSTALL = YES;
				SUPPORTS_MACCATALYST = NO;
				SWIFT_EMIT_LOC_STRINGS = YES;
				SWIFT_VERSION = 5.0;
				TARGETED_DEVICE_FAMILY = "1,2,6";
			};
			name = Debug;
		};
		03346D9A26B08EA2004A268E /* Release */ = {
			isa = XCBuildConfiguration;
			buildSettings = {
				CODE_SIGN_STYLE = Automatic;
				DEVELOPMENT_TEAM = "";
				GENERATE_INFOPLIST_FILE = YES;
				INFOPLIST_FILE = "Shared (Extension)/Info.plist";
				INFOPLIST_KEY_CFBundleDisplayName = "Ka-Block!";
				INFOPLIST_KEY_CFBundleExecutable = "Ka-Block! Extension";
				INFOPLIST_KEY_CFBundleName = "Ka-Block! Extension";
				INFOPLIST_KEY_CFBundleVersion = 1;
				INFOPLIST_KEY_LSApplicationCategoryType = "public.app-category.utilities";
				INFOPLIST_KEY_NSHumanReadableCopyright = "";
				IPHONEOS_DEPLOYMENT_TARGET = 14.0;
				LD_RUNPATH_SEARCH_PATHS = (
					"$(inherited)",
					"@executable_path/Frameworks",
					"@executable_path/../../Frameworks",
				);
				PRODUCT_BUNDLE_IDENTIFIER = com.kablock.ios.KaBlockContentBlocker;
				PRODUCT_NAME = "Ka-Block! Extension";
				SDKROOT = iphoneos;
				SKIP_INSTALL = YES;
				SUPPORTS_MACCATALYST = NO;
				SWIFT_EMIT_LOC_STRINGS = YES;
				SWIFT_VERSION = 5.0;
				TARGETED_DEVICE_FAMILY = "1,2,6";
				VALIDATE_PRODUCT = YES;
			};
			name = Release;
		};
		03346D9D26B08EA2004A268E /* Debug */ = {
			isa = XCBuildConfiguration;
			buildSettings = {
				ALWAYS_EMBED_SWIFT_STANDARD_LIBRARIES = YES;
				ASSETCATALOG_COMPILER_APPICON_NAME = AppIcon;
				ASSETCATALOG_COMPILER_GLOBAL_ACCENT_COLOR_NAME = AccentColor;
				CODE_SIGN_STYLE = Automatic;
				DEVELOPMENT_TEAM = "";
				GENERATE_INFOPLIST_FILE = YES;
				INFOPLIST_KEY_CFBundleExecutable = "Ka-Block!";
				INFOPLIST_KEY_CFBundleName = "Ka-Block!";
				INFOPLIST_KEY_CFBundleVersion = 1;
				INFOPLIST_KEY_UIApplicationSupportsIndirectInputEvents = YES;
				INFOPLIST_KEY_UILaunchScreen_Generation = YES;
				INFOPLIST_KEY_UISupportedInterfaceOrientations = "UIInterfaceOrientationPortrait UIInterfaceOrientationLandscapeLeft UIInterfaceOrientationLandscapeRight";
				INFOPLIST_KEY_UISupportedInterfaceOrientations_iPad = "UIInterfaceOrientationPortrait UIInterfaceOrientationPortraitUpsideDown UIInterfaceOrientationLandscapeLeft UIInterfaceOrientationLandscapeRight";
				IPHONEOS_DEPLOYMENT_TARGET = 14.0;
				LD_RUNPATH_SEARCH_PATHS = (
					"$(inherited)",
					"@executable_path/Frameworks",
				);
				OTHER_LDFLAGS = (
					"-framework",
					WebKit,
				);
				PRODUCT_BUNDLE_IDENTIFIER = com.kablock.ios;
				PRODUCT_NAME = "Ka-Block!";
				SDKROOT = iphoneos;
				SUPPORTS_MACCATALYST = NO;
				SWIFT_EMIT_LOC_STRINGS = YES;
				SWIFT_VERSION = 5.0;
				TARGETED_DEVICE_FAMILY = "1,2";
			};
			name = Debug;
		};
		03346D9E26B08EA2004A268E /* Release */ = {
			isa = XCBuildConfiguration;
			buildSettings = {
				ALWAYS_EMBED_SWIFT_STANDARD_LIBRARIES = YES;
				ASSETCATALOG_COMPILER_APPICON_NAME = AppIcon;
				ASSETCATALOG_COMPILER_GLOBAL_ACCENT_COLOR_NAME = AccentColor;
				CODE_SIGN_STYLE = Automatic;
				DEVELOPMENT_TEAM = "";
				GENERATE_INFOPLIST_FILE = YES;
				INFOPLIST_KEY_CFBundleExecutable = "Ka-Block!";
				INFOPLIST_KEY_CFBundleName = "Ka-Block!";
				INFOPLIST_KEY_CFBundleVersion = 1;
				INFOPLIST_KEY_UIApplicationSupportsIndirectInputEvents = YES;
				INFOPLIST_KEY_UILaunchScreen_Generation = YES;
				INFOPLIST_KEY_UISupportedInterfaceOrientations = "UIInterfaceOrientationPortrait UIInterfaceOrientationLandscapeLeft UIInterfaceOrientationLandscapeRight";
				INFOPLIST_KEY_UISupportedInterfaceOrientations_iPad = "UIInterfaceOrientationPortrait UIInterfaceOrientationPortraitUpsideDown UIInterfaceOrientationLandscapeLeft UIInterfaceOrientationLandscapeRight";
				IPHONEOS_DEPLOYMENT_TARGET = 14.0;
				LD_RUNPATH_SEARCH_PATHS = (
					"$(inherited)",
					"@executable_path/Frameworks",
				);
				OTHER_LDFLAGS = (
					"-framework",
					WebKit,
				);
				PRODUCT_BUNDLE_IDENTIFIER = com.kablock.ios;
				PRODUCT_NAME = "Ka-Block!";
				SDKROOT = iphoneos;
				SUPPORTS_MACCATALYST = NO;
				SWIFT_EMIT_LOC_STRINGS = YES;
				SWIFT_VERSION = 5.0;
				TARGETED_DEVICE_FAMILY = "1,2";
				VALIDATE_PRODUCT = YES;
			};
			name = Release;
		};
		03346DA026B08EA2004A268E /* Debug */ = {
			isa = XCBuildConfiguration;
			buildSettings = {
				CODE_SIGN_IDENTITY = "-";
				CODE_SIGN_STYLE = Automatic;
				DEAD_CODE_STRIPPING = YES;
				ENABLE_APP_SANDBOX = YES;
				ENABLE_HARDENED_RUNTIME = YES;
				ENABLE_USER_SELECTED_FILES = readonly;
				GENERATE_INFOPLIST_FILE = YES;
				INFOPLIST_FILE = "Shared (Extension)/Info.plist";
				INFOPLIST_KEY_CFBundleDisplayName = "Ka-Block!";
				INFOPLIST_KEY_CFBundleExecutable = "Ka-Block! Extension";
				INFOPLIST_KEY_CFBundleName = "Ka-Block! Extension";
				INFOPLIST_KEY_CFBundleVersion = 1;
				INFOPLIST_KEY_LSApplicationCategoryType = "public.app-category.utilities";
				INFOPLIST_KEY_NSHumanReadableCopyright = "";
				LD_RUNPATH_SEARCH_PATHS = (
					"$(inherited)",
					"@executable_path/../Frameworks",
					"@executable_path/../../../../Frameworks",
				);
				MACOSX_DEPLOYMENT_TARGET = 11.0;
				PRODUCT_BUNDLE_IDENTIFIER = com.kablock.ios.KaBlockContentBlocker;
				PRODUCT_NAME = "Ka-Block! Extension";
				SDKROOT = macosx;
				SKIP_INSTALL = YES;
				SWIFT_EMIT_LOC_STRINGS = YES;
				SWIFT_VERSION = 5.0;
			};
			name = Debug;
		};
		03346DA126B08EA2004A268E /* Release */ = {
			isa = XCBuildConfiguration;
			buildSettings = {
				CODE_SIGN_IDENTITY = "-";
				CODE_SIGN_STYLE = Automatic;
				DEAD_CODE_STRIPPING = YES;
				ENABLE_APP_SANDBOX = YES;
				ENABLE_HARDENED_RUNTIME = YES;
				ENABLE_USER_SELECTED_FILES = readonly;
				GENERATE_INFOPLIST_FILE = YES;
				INFOPLIST_FILE = "Shared (Extension)/Info.plist";
				INFOPLIST_KEY_CFBundleDisplayName = "Ka-Block!";
				INFOPLIST_KEY_CFBundleExecutable = "Ka-Block! Extension";
				INFOPLIST_KEY_CFBundleName = "Ka-Block! Extension";
				INFOPLIST_KEY_CFBundleVersion = 1;
				INFOPLIST_KEY_LSApplicationCategoryType = "public.app-category.utilities";
				INFOPLIST_KEY_NSHumanReadableCopyright = "";
				LD_RUNPATH_SEARCH_PATHS = (
					"$(inherited)",
					"@executable_path/../Frameworks",
					"@executable_path/../../../../Frameworks",
				);
				MACOSX_DEPLOYMENT_TARGET = 11.0;
				PRODUCT_BUNDLE_IDENTIFIER = com.kablock.ios.KaBlockContentBlocker;
				PRODUCT_NAME = "Ka-Block! Extension";
				SDKROOT = macosx;
				SKIP_INSTALL = YES;
				SWIFT_EMIT_LOC_STRINGS = YES;
				SWIFT_VERSION = 5.0;
			};
			name = Release;
		};
		03346DA426B08EA2004A268E /* Debug */ = {
			isa = XCBuildConfiguration;
			buildSettings = {
				ALWAYS_EMBED_SWIFT_STANDARD_LIBRARIES = YES;
				ASSETCATALOG_COMPILER_APPICON_NAME = AppIcon;
				ASSETCATALOG_COMPILER_GLOBAL_ACCENT_COLOR_NAME = AccentColor;
				CODE_SIGN_IDENTITY = "-";
				CODE_SIGN_STYLE = Automatic;
				DEAD_CODE_STRIPPING = YES;
				ENABLE_APP_SANDBOX = YES;
				ENABLE_HARDENED_RUNTIME = YES;
				ENABLE_USER_SELECTED_FILES = readonly;
				GENERATE_INFOPLIST_FILE = YES;
				INFOPLIST_KEY_CFBundleDisplayName = "Ka-Block!";
				INFOPLIST_KEY_CFBundleExecutable = "Ka-Block!";
				INFOPLIST_KEY_CFBundleName = "Ka-Block!";
				INFOPLIST_KEY_CFBundleVersion = 1;
				INFOPLIST_KEY_LSApplicationCategoryType = "public.app-category.utilities";
				INFOPLIST_KEY_NSPrincipalClass = NSApplication;
				LD_RUNPATH_SEARCH_PATHS = (
					"$(inherited)",
					"@executable_path/../Frameworks",
				);
				MACOSX_DEPLOYMENT_TARGET = 11.0;
				OTHER_LDFLAGS = (
					"-framework",
					WebKit,
				);
				PRODUCT_BUNDLE_IDENTIFIER = com.kablock.ios;
				PRODUCT_NAME = "Ka-Block!";
				SDKROOT = macosx;
				SWIFT_EMIT_LOC_STRINGS = YES;
				SWIFT_VERSION = 5.0;
			};
			name = Debug;
		};
		03346DA526B08EA2004A268E /* Release */ = {
			isa = XCBuildConfiguration;
			buildSettings = {
				ALWAYS_EMBED_SWIFT_STANDARD_LIBRARIES = YES;
				ASSETCATALOG_COMPILER_APPICON_NAME = AppIcon;
				ASSETCATALOG_COMPILER_GLOBAL_ACCENT_COLOR_NAME = AccentColor;
				CODE_SIGN_IDENTITY = "-";
				CODE_SIGN_STYLE = Automatic;
				DEAD_CODE_STRIPPING = YES;
				ENABLE_APP_SANDBOX = YES;
				ENABLE_HARDENED_RUNTIME = YES;
				ENABLE_USER_SELECTED_FILES = readonly;
				GENERATE_INFOPLIST_FILE = YES;
				INFOPLIST_KEY_CFBundleDisplayName = "Ka-Block!";
				INFOPLIST_KEY_CFBundleExecutable = "Ka-Block!";
				INFOPLIST_KEY_CFBundleName = "Ka-Block!";
				INFOPLIST_KEY_CFBundleVersion = 1;
				INFOPLIST_KEY_LSApplicationCategoryType = "public.app-category.utilities";
				INFOPLIST_KEY_NSPrincipalClass = NSApplication;
				LD_RUNPATH_SEARCH_PATHS = (
					"$(inherited)",
					"@executable_path/../Frameworks",
				);
				MACOSX_DEPLOYMENT_TARGET = 11.0;
				OTHER_LDFLAGS = (
					"-framework",
					WebKit,
				);
				PRODUCT_BUNDLE_IDENTIFIER = com.kablock.ios;
				PRODUCT_NAME = "Ka-Block!";
				SDKROOT = macosx;
				SWIFT_EMIT_LOC_STRINGS = YES;
				SWIFT_VERSION = 5.0;
			};
			name = Release;
		};
/* End XCBuildConfiguration section */

/* Begin XCConfigurationList section */
		03346D3126B08EA1004A268E /* Build configuration list for PBXProject "Ka-Block" */ = {
			isa = XCConfigurationList;
			buildConfigurations = (
				03346D9626B08EA2004A268E /* Debug */,
				03346D9726B08EA2004A268E /* Release */,
			);
			defaultConfigurationIsVisible = 0;
			defaultConfigurationName = Release;
		};
		03346D9826B08EA2004A268E /* Build configuration list for PBXNativeTarget "Ka-Block Extension (iOS)" */ = {
			isa = XCConfigurationList;
			buildConfigurations = (
				03346D9926B08EA2004A268E /* Debug */,
				03346D9A26B08EA2004A268E /* Release */,
			);
			defaultConfigurationIsVisible = 0;
			defaultConfigurationName = Release;
		};
		03346D9C26B08EA2004A268E /* Build configuration list for PBXNativeTarget "Ka-Block (iOS)" */ = {
			isa = XCConfigurationList;
			buildConfigurations = (
				03346D9D26B08EA2004A268E /* Debug */,
				03346D9E26B08EA2004A268E /* Release */,
			);
			defaultConfigurationIsVisible = 0;
			defaultConfigurationName = Release;
		};
		03346D9F26B08EA2004A268E /* Build configuration list for PBXNativeTarget "Ka-Block Extension (macOS)" */ = {
			isa = XCConfigurationList;
			buildConfigurations = (
				03346DA026B08EA2004A268E /* Debug */,
				03346DA126B08EA2004A268E /* Release */,
			);
			defaultConfigurationIsVisible = 0;
			defaultConfigurationName = Release;
		};
		03346DA326B08EA2004A268E /* Build configuration list for PBXNativeTarget "Ka-Block (macOS)" */ = {
			isa = XCConfigurationList;
			buildConfigurations = (
				03346DA426B08EA2004A268E /* Debug */,
				03346DA526B08EA2004A268E /* Release */,
			);
			defaultConfigurationIsVisible = 0;
			defaultConfigurationName = Release;
		};
/* End XCConfigurationList section */
	};
	rootObject = 03346D2E26B08EA1004A268E /* Project object */;
}
